{
  "version": 4,
  "terraform_version": "1.9.0",
  "serial": 13,
  "lineage": "b2fc1a07-57d8-86d1-3a1e-34526fc16c7b",
  "outputs": {
    "hello_base_url": {
      "value": "https://718dyh85c6.execute-api.us-east-1.amazonaws.com/dev/echo",
      "type": "string"
    }
  },
  "resources": [
    {
      "mode": "managed",
      "type": "aws_apigatewayv2_api",
      "name": "main",
      "provider": "provider[\"registry.terraform.io/hashicorp/aws\"]",
      "instances": [
        {
          "schema_version": 0,
          "attributes": {
            "api_endpoint": "https://718dyh85c6.execute-api.us-east-1.amazonaws.com",
            "api_key_selection_expression": "$request.header.x-api-key",
            "arn": "arn:aws:apigateway:us-east-1::/apis/718dyh85c6",
            "body": null,
            "cors_configuration": [],
            "credentials_arn": null,
            "description": "",
            "disable_execute_api_endpoint": false,
            "execution_arn": "arn:aws:execute-api:us-east-1:434832190675:718dyh85c6",
            "fail_on_warnings": null,
            "id": "718dyh85c6",
            "name": "main",
            "protocol_type": "HTTP",
            "route_key": null,
            "route_selection_expression": "$request.method $request.path",
            "tags": null,
            "tags_all": {},
            "target": null,
            "version": ""
          },
          "sensitive_attributes": [],
          "private": "bnVsbA=="
        }
      ]
    },
    {
      "mode": "managed",
      "type": "aws_apigatewayv2_integration",
      "name": "eks",
      "provider": "provider[\"registry.terraform.io/hashicorp/aws\"]",
      "instances": [
        {
          "schema_version": 0,
          "attributes": {
            "api_id": "718dyh85c6",
            "connection_id": "edafn0",
            "connection_type": "VPC_LINK",
            "content_handling_strategy": "",
            "credentials_arn": "",
            "description": "",
            "id": "7aiaae2",
            "integration_method": "ANY",
            "integration_response_selection_expression": "",
            "integration_subtype": "",
            "integration_type": "HTTP_PROXY",
            "integration_uri": "arn:aws:elasticloadbalancing:us-east-1:434832190675:listener/net/a329d0d17bb6a43e8a50c3758bfb1b27/7156f5ef8983cf38/209284151e4c9d94",
            "passthrough_behavior": "",
            "payload_format_version": "1.0",
            "request_parameters": null,
            "request_templates": null,
            "response_parameters": [],
            "template_selection_expression": "",
            "timeout_milliseconds": 30000,
            "tls_config": []
          },
          "sensitive_attributes": [],
          "private": "bnVsbA==",
          "dependencies": [
            "aws_apigatewayv2_api.main",
            "aws_apigatewayv2_vpc_link.eks",
            "aws_security_group.vpc_link"
          ]
        }
      ]
    },
    {
      "mode": "managed",
      "type": "aws_apigatewayv2_route",
      "name": "get_echo",
      "provider": "provider[\"registry.terraform.io/hashicorp/aws\"]",
      "instances": [
        {
          "schema_version": 0,
          "attributes": {
            "api_id": "718dyh85c6",
            "api_key_required": false,
            "authorization_scopes": null,
            "authorization_type": "NONE",
            "authorizer_id": "",
            "id": "fq4b7zi",
            "model_selection_expression": "",
            "operation_name": "",
            "request_models": null,
            "request_parameter": [],
            "route_key": "GET /echo",
            "route_response_selection_expression": "",
            "target": "integrations/7aiaae2"
          },
          "sensitive_attributes": [],
          "private": "bnVsbA==",
          "dependencies": [
            "aws_apigatewayv2_api.main",
            "aws_apigatewayv2_integration.eks",
            "aws_apigatewayv2_vpc_link.eks",
            "aws_security_group.vpc_link"
          ]
        }
      ]
    },
    {
      "mode": "managed",
      "type": "aws_apigatewayv2_stage",
      "name": "dev",
      "provider": "provider[\"registry.terraform.io/hashicorp/aws\"]",
      "instances": [
        {
          "schema_version": 0,
          "attributes": {
            "access_log_settings": [],
            "api_id": "718dyh85c6",
            "arn": "arn:aws:apigateway:us-east-1::/apis/718dyh85c6/stages/dev",
            "auto_deploy": true,
            "client_certificate_id": "",
            "default_route_settings": [
              {
                "data_trace_enabled": false,
                "detailed_metrics_enabled": false,
                "logging_level": "",
                "throttling_burst_limit": 0,
                "throttling_rate_limit": 0
              }
            ],
            "deployment_id": "",
            "description": "",
            "execution_arn": "arn:aws:execute-api:us-east-1:434832190675:718dyh85c6/dev",
            "id": "dev",
            "invoke_url": "https://718dyh85c6.execute-api.us-east-1.amazonaws.com/dev",
            "name": "dev",
            "route_settings": [],
            "stage_variables": null,
            "tags": null,
            "tags_all": {}
          },
          "sensitive_attributes": [],
          "private": "bnVsbA==",
          "dependencies": [
            "aws_apigatewayv2_api.main"
          ]
        }
      ]
    },
    {
      "mode": "managed",
      "type": "aws_apigatewayv2_vpc_link",
      "name": "eks",
      "provider": "provider[\"registry.terraform.io/hashicorp/aws\"]",
      "instances": [
        {
          "schema_version": 0,
          "attributes": {
            "arn": "arn:aws:apigateway:us-east-1::/vpclinks/edafn0",
            "id": "edafn0",
            "name": "eks",
            "security_group_ids": [
              "sg-029e28e11412b6af0"
            ],
            "subnet_ids": [
              "subnet-05f66a4fc18404cb6",
              "subnet-06ebfbd7694b42072"
            ],
            "tags": null,
            "tags_all": {}
          },
          "sensitive_attributes": [],
          "private": "bnVsbA==",
          "dependencies": [
            "aws_security_group.vpc_link"
          ]
        }
      ]
    },
    {
      "mode": "managed",
      "type": "aws_eks_cluster",
      "name": "eks_cluster",
      "provider": "provider[\"registry.terraform.io/hashicorp/aws\"]",
      "instances": [
        {
          "schema_version": 1,
          "attributes": {
            "access_config": [
              {
                "authentication_mode": "CONFIG_MAP",
                "bootstrap_cluster_creator_admin_permissions": true
              }
            ],
            "arn": "arn:aws:eks:us-east-1:434832190675:cluster/eks-tc-70",
            "bootstrap_self_managed_addons": true,
            "certificate_authority": [
              {
                "data": "LS0tLS1CRUdJTiBDRVJUSUZJQ0FURS0tLS0tCk1JSURCVENDQWUyZ0F3SUJBZ0lJWnNWbFRwTy9uQlV3RFFZSktvWklodmNOQVFFTEJRQXdGVEVUTUJFR0ExVUUKQXhNS2EzVmlaWEp1WlhSbGN6QWVGdzB5TkRBM01Ua3lNRFE0TXpWYUZ3MHpOREEzTVRjeU1EVXpNelZhTUJVeApFekFSQmdOVkJBTVRDbXQxWW1WeWJtVjBaWE13Z2dFaU1BMEdDU3FHU0liM0RRRUJBUVVBQTRJQkR3QXdnZ0VLCkFvSUJBUURIMnlzbEh6bmpWQklqRXhsbS9zSlBrYnJHZGpaY2FhSGhWRXFMUVFhWjhEOUxjVzlOUzdpTEFkK0EKS2RBSXhiUk9IaEZBbHZqc3JwNlV2UG9QUnc0OWJkNnVwZjNvaWIwRUlBWDNvME5MalByTk4wUlJRdkQ2MmJYOApNUGEzbnM2aXg4VGphTHo4N1FRYWVKR1A2MGFISFBpQ3o1RjRPNjFSS2I5dndvOWhQYXNHZHJhdnVHdk9tS0pVCmFVS3BnVnB3M2diazNkSlRTa2IvTzMyT29rS3p6aVBMeVVQYlRWWUFkLzlzSi85b2RubVZtSXFaa1R3aXlCclkKZTZkcDJZa0hZdC9nemJRNWpUOHZtQ1E1dmo2OHhjVmlWeGNicXRZSmc3a0piMTBwOWljeHFKeUgyQ2pPWVIvTgppenR5SFV3T2xTYmZnaW8xK2IvclRyZXFXQUhGQWdNQkFBR2pXVEJYTUE0R0ExVWREd0VCL3dRRUF3SUNwREFQCkJnTlZIUk1CQWY4RUJUQURBUUgvTUIwR0ExVWREZ1FXQkJSQ0JnOFJxNGVaUkhocFNwdGRtbG9lUXU5Y21EQVYKQmdOVkhSRUVEakFNZ2dwcmRXSmxjbTVsZEdWek1BMEdDU3FHU0liM0RRRUJDd1VBQTRJQkFRQnRLSEQ4akRSZApmRlNDcWQxUm1SVEV0eDgwdnJvVTdVRy9ic2NtcGdSMjkwUmFDVXBROHp5ZHUzSFM4V1puNzdaYjFOWmdHK1BZCkRzcFlwUHp1cDFtTzNrMmsrekpCdnJEdVplZzNFbjlMYkRQQ1VVZXpBeHRtZGpha2w3WmdscFJTdzM0WkdENWcKODROYTU0L1lvc1M1RENsSDRjRGlyM3E5cVBZRUFkSE9sMytZcVVHV29EbVBzREhWVUcwU3pjblhoU3NSTTBmRQo1eTZCblZLcFAyQ3d2YnVHeTJHRVgrakp2cjlZOStoR1lvQUg2MzdLOWdhMFVGREpSWjdxNUdJd0pOYWlnM3VaCmd5NXQ5NzZaVFFLVXNVT0RMWFlpdzhEK1gxNzJETTJOc0dIMVorZzVxUjFkcDREdmsrMWlMUmNzUkRZT0lIVkwKMG51cFFLUk1yYzBkCi0tLS0tRU5EIENFUlRJRklDQVRFLS0tLS0K"
              }
            ],
            "cluster_id": null,
            "created_at": "2024-07-19 20:48:31.063 +0000 UTC",
            "enabled_cluster_log_types": [],
            "encryption_config": [],
            "endpoint": "https://71338B7343963E26F5B8165815B69110.gr7.us-east-1.eks.amazonaws.com",
            "id": "eks-tc-70",
            "identity": [
              {
                "oidc": [
                  {
                    "issuer": "https://oidc.eks.us-east-1.amazonaws.com/id/71338B7343963E26F5B8165815B69110"
                  }
                ]
              }
            ],
            "kubernetes_network_config": [
              {
                "ip_family": "ipv4",
                "service_ipv4_cidr": "10.100.0.0/16",
                "service_ipv6_cidr": ""
              }
            ],
            "name": "eks-tc-70",
            "outpost_config": [],
            "platform_version": "eks.10",
            "role_arn": "arn:aws:iam::434832190675:role/LabRole",
            "status": "ACTIVE",
            "tags": {},
            "tags_all": {},
            "timeouts": null,
            "version": "1.29",
            "vpc_config": [
              {
                "cluster_security_group_id": "sg-0765467b3327c7928",
                "endpoint_private_access": false,
                "endpoint_public_access": true,
                "public_access_cidrs": [
                  "0.0.0.0/0"
                ],
                "security_group_ids": [],
                "subnet_ids": [
                  "subnet-05f66a4fc18404cb6",
                  "subnet-06ebfbd7694b42072"
                ],
                "vpc_id": "vpc-0a86ef74bb75e2ef8"
              }
            ]
          },
          "sensitive_attributes": [],
          "private": "eyJlMmJmYjczMC1lY2FhLTExZTYtOGY4OC0zNDM2M2JjN2M0YzAiOnsiY3JlYXRlIjoxODAwMDAwMDAwMDAwLCJkZWxldGUiOjkwMDAwMDAwMDAwMCwidXBkYXRlIjozNjAwMDAwMDAwMDAwfSwic2NoZW1hX3ZlcnNpb24iOiIxIn0=",
          "dependencies": [
            "aws_security_group.cluster_sg"
          ]
        }
      ]
    },
    {
      "mode": "managed",
      "type": "aws_eks_node_group",
      "name": "eks_worker_node_group",
      "provider": "provider[\"registry.terraform.io/hashicorp/aws\"]",
      "instances": [
        {
          "schema_version": 0,
          "attributes": {
            "ami_type": "AL2_x86_64",
            "arn": "arn:aws:eks:us-east-1:434832190675:nodegroup/eks-tc-70/eks-node-group-tc-70/60c86664-5583-cedb-c29c-bf8bdc86bc10",
            "capacity_type": "ON_DEMAND",
            "cluster_name": "eks-tc-70",
            "disk_size": 20,
            "force_update_version": null,
            "id": "eks-tc-70:eks-node-group-tc-70",
            "instance_types": [
              "t3.small"
            ],
            "labels": {},
            "launch_template": [],
            "node_group_name": "eks-node-group-tc-70",
            "node_group_name_prefix": "",
            "node_role_arn": "arn:aws:iam::434832190675:role/LabRole",
            "release_version": "1.29.3-20240703",
            "remote_access": [],
            "resources": [
              {
                "autoscaling_groups": [
                  {
                    "name": "eks-eks-node-group-tc-70-60c86664-5583-cedb-c29c-bf8bdc86bc10"
                  }
                ],
                "remote_access_security_group_id": ""
              }
            ],
            "scaling_config": [
              {
                "desired_size": 1,
                "max_size": 3,
                "min_size": 0
              }
            ],
            "status": "ACTIVE",
            "subnet_ids": [
              "subnet-05f66a4fc18404cb6",
              "subnet-06ebfbd7694b42072"
            ],
            "tags": {},
            "tags_all": {},
            "taint": [],
            "timeouts": null,
            "update_config": [
              {
                "max_unavailable": 1,
                "max_unavailable_percentage": 0
              }
            ],
            "version": "1.29"
          },
          "sensitive_attributes": [],
          "private": "eyJlMmJmYjczMC1lY2FhLTExZTYtOGY4OC0zNDM2M2JjN2M0YzAiOnsiY3JlYXRlIjozNjAwMDAwMDAwMDAwLCJkZWxldGUiOjM2MDAwMDAwMDAwMDAsInVwZGF0ZSI6MzYwMDAwMDAwMDAwMH19",
          "dependencies": [
            "aws_eks_cluster.eks_cluster",
            "aws_security_group.cluster_sg"
          ]
        }
      ]
    },
    {
      "mode": "managed",
      "type": "aws_security_group",
      "name": "cluster_sg",
      "provider": "provider[\"registry.terraform.io/hashicorp/aws\"]",
      "instances": [
        {
          "schema_version": 1,
          "attributes": {
            "arn": "arn:aws:ec2:us-east-1:434832190675:security-group/sg-0abb5e6b0fc5d4f7b",
            "description": "Managed by Terraform",
            "egress": [],
            "id": "sg-0abb5e6b0fc5d4f7b",
            "ingress": [],
            "name": "terraform-20240719204318510200000001",
            "name_prefix": "terraform-",
            "owner_id": "434832190675",
            "revoke_rules_on_delete": false,
            "tags": {},
            "tags_all": {},
            "timeouts": null,
            "vpc_id": "vpc-0a86ef74bb75e2ef8"
          },
          "sensitive_attributes": [],
          "private": "eyJlMmJmYjczMC1lY2FhLTExZTYtOGY4OC0zNDM2M2JjN2M0YzAiOnsiY3JlYXRlIjo2MDAwMDAwMDAwMDAsImRlbGV0ZSI6OTAwMDAwMDAwMDAwfSwic2NoZW1hX3ZlcnNpb24iOiIxIn0="
        }
      ]
    },
    {
      "mode": "managed",
      "type": "aws_security_group",
      "name": "vpc_link",
      "provider": "provider[\"registry.terraform.io/hashicorp/aws\"]",
      "instances": [
        {
          "schema_version": 1,
          "attributes": {
            "arn": "arn:aws:ec2:us-east-1:434832190675:security-group/sg-029e28e11412b6af0",
            "description": "Managed by Terraform",
            "egress": [
              {
                "cidr_blocks": [
                  "0.0.0.0/0"
                ],
                "description": "",
                "from_port": 0,
                "ipv6_cidr_blocks": [],
                "prefix_list_ids": [],
                "protocol": "-1",
                "security_groups": [],
                "self": false,
                "to_port": 0
              }
            ],
            "id": "sg-029e28e11412b6af0",
            "ingress": [],
            "name": "vpc-link",
            "name_prefix": "",
            "owner_id": "434832190675",
            "revoke_rules_on_delete": false,
            "tags": null,
            "tags_all": {},
            "timeouts": null,
            "vpc_id": "vpc-0a86ef74bb75e2ef8"
          },
          "sensitive_attributes": [],
          "private": "eyJlMmJmYjczMC1lY2FhLTExZTYtOGY4OC0zNDM2M2JjN2M0YzAiOnsiY3JlYXRlIjo2MDAwMDAwMDAwMDAsImRlbGV0ZSI6OTAwMDAwMDAwMDAwfSwic2NoZW1hX3ZlcnNpb24iOiIxIn0="
        }
      ]
    }
  ],
  "check_results": null
}
