{
  "version": 4,
  "terraform_version": "1.9.2",
  "serial": 114,
  "lineage": "b2fc1a07-57d8-86d1-3a1e-34526fc16c7b",
  "outputs": {},
  "resources": [
    {
      "mode": "managed",
      "type": "aws_eks_cluster",
      "name": "eks_cluster",
      "provider": "provider[\"registry.terraform.io/hashicorp/aws\"]",
      "instances": [
        {
          "schema_version": 1,
          "attributes": {
            "access_config": [
              {
                "authentication_mode": "CONFIG_MAP",
                "bootstrap_cluster_creator_admin_permissions": true
              }
            ],
            "arn": "arn:aws:eks:us-east-1:434832190675:cluster/eks-tc-70",
            "bootstrap_self_managed_addons": true,
            "certificate_authority": [
              {
                "data": "LS0tLS1CRUdJTiBDRVJUSUZJQ0FURS0tLS0tCk1JSURCVENDQWUyZ0F3SUJBZ0lJRElEOHdWeml5OVV3RFFZSktvWklodmNOQVFFTEJRQXdGVEVUTUJFR0ExVUUKQXhNS2EzVmlaWEp1WlhSbGN6QWVGdzB5TkRBM01qSXhOVFF5TkRWYUZ3MHpOREEzTWpBeE5UUTNORFZhTUJVeApFekFSQmdOVkJBTVRDbXQxWW1WeWJtVjBaWE13Z2dFaU1BMEdDU3FHU0liM0RRRUJBUVVBQTRJQkR3QXdnZ0VLCkFvSUJBUUNpWXJoQVpqbVJZTWpscVcySGJ6VE82VkZkWGZSNEwvWUwxVHprR2dwZm8ycXdyZVo3TkN0c0Q1QzIKUFJqQXpMQ1Z0Q0Q2b1p5Tjl6dzNXbUNwUnc1eVdRendFTzhUYktEenZDL2c4QWV1THNQUmYyRkxxUHRoeGRhYgoyc2JrenlSbDJzaHJtdSt3WktLQ1NnaEh4UDlUQ1kycFdBSkFxQmxLOER6RWlZMXl4WGJMVXQ4UnFYSVpCL3FuCklZc05Hb0ZFZjVyN1VQYW8xa29sSk9HbjMyMzhyTFlNMU5YeW1TY2NpOTl4SVdEMEhvKzRKb0ZHeXRXdlpjd3UKWlphVEVuYlErOTV0MmdMTlRjekFjOW5GNFlEV3h0S2ZmNTh2WGNKYU5BR1RvYkxtcXlqVzA0SmdDVUVTcHlZKwpxOTlBck9KbHo0YzE3YzdTbVpsTU00TXNydHJGQWdNQkFBR2pXVEJYTUE0R0ExVWREd0VCL3dRRUF3SUNwREFQCkJnTlZIUk1CQWY4RUJUQURBUUgvTUIwR0ExVWREZ1FXQkJTdGJXbkk2V1B4RjZJN1dCN2NJSDhncGp3TUN6QVYKQmdOVkhSRUVEakFNZ2dwcmRXSmxjbTVsZEdWek1BMEdDU3FHU0liM0RRRUJDd1VBQTRJQkFRQVN4NmE2Q0dRdgpjMHRHVW1YOUp0YkRSTGFqSElPYko2THFNMExGM2dEOGhvaEx6Z0VwbENnT2xxaEs1c0MrYzlEbXRpNGg4ZU5OCitOV0xKbndNTm1rVVJHKzZpK1hGbFY5enlJamdEUUp1MDJVcmo3OXIvWVNoSEpiSzBhV2hyVUdseW1jUkUyRlgKRzdVUlFmMUIvSGpkWjNNcmM1dnRVcThjamNWWkpZSVlMbTE4NUZ2QzFkVS8yQjBDd3hKa1hCZnRsTUtiY2NlTApRaWFtdGJMV3ZZUU1MZ1JxUDhZUElIRkpjVXRVWFJ6WUx4UCs5dFZOMnNoRmNkT3MrT0tTQlVzWEtKWGN1QWxrCnk2bnMzZ2s1dGVyTW5qdHBsNU5wbE5Dbmx1Z0NNYkxXN2w2bE9rQlFQUmhKSmVDZVhNVXVrTE9OZktDZ1hScDAKcVZRQnNENXErSHdtCi0tLS0tRU5EIENFUlRJRklDQVRFLS0tLS0K"
              }
            ],
            "cluster_id": null,
            "created_at": "2024-07-22 15:42:05.991 +0000 UTC",
            "enabled_cluster_log_types": [],
            "encryption_config": [],
            "endpoint": "https://81220C852C8B99D5618B7FC08F99F69B.gr7.us-east-1.eks.amazonaws.com",
            "id": "eks-tc-70",
            "identity": [
              {
                "oidc": [
                  {
                    "issuer": "https://oidc.eks.us-east-1.amazonaws.com/id/81220C852C8B99D5618B7FC08F99F69B"
                  }
                ]
              }
            ],
            "kubernetes_network_config": [
              {
                "ip_family": "ipv4",
                "service_ipv4_cidr": "10.100.0.0/16",
                "service_ipv6_cidr": ""
              }
            ],
            "name": "eks-tc-70",
            "outpost_config": [],
            "platform_version": "eks.10",
            "role_arn": "arn:aws:iam::434832190675:role/LabRole",
            "status": "ACTIVE",
            "tags": {},
            "tags_all": {},
            "timeouts": null,
            "version": "1.29",
            "vpc_config": [
              {
                "cluster_security_group_id": "sg-0c1e6404d5fd6cb20",
                "endpoint_private_access": false,
                "endpoint_public_access": true,
                "public_access_cidrs": [
                  "0.0.0.0/0"
                ],
                "security_group_ids": [],
                "subnet_ids": [
                  "subnet-05f66a4fc18404cb6",
                  "subnet-06ebfbd7694b42072"
                ],
                "vpc_id": "vpc-0a86ef74bb75e2ef8"
              }
            ]
          },
          "sensitive_attributes": [],
          "private": "eyJlMmJmYjczMC1lY2FhLTExZTYtOGY4OC0zNDM2M2JjN2M0YzAiOnsiY3JlYXRlIjoxODAwMDAwMDAwMDAwLCJkZWxldGUiOjkwMDAwMDAwMDAwMCwidXBkYXRlIjozNjAwMDAwMDAwMDAwfSwic2NoZW1hX3ZlcnNpb24iOiIxIn0=",
          "dependencies": [
            "aws_security_group.cluster_sg"
          ]
        }
      ]
    },
    {
      "mode": "managed",
      "type": "aws_eks_node_group",
      "name": "eks_worker_node_group",
      "provider": "provider[\"registry.terraform.io/hashicorp/aws\"]",
      "instances": [
        {
          "schema_version": 0,
          "attributes": {
            "ami_type": "AL2_x86_64",
            "arn": "arn:aws:eks:us-east-1:434832190675:nodegroup/eks-tc-70/eks-node-group-tc-70/1ec86da4-ccce-2b2d-f7f3-56ec9deb6eba",
            "capacity_type": "ON_DEMAND",
            "cluster_name": "eks-tc-70",
            "disk_size": 20,
            "force_update_version": null,
            "id": "eks-tc-70:eks-node-group-tc-70",
            "instance_types": [
              "t3.medium"
            ],
            "labels": {},
            "launch_template": [],
            "node_group_name": "eks-node-group-tc-70",
            "node_group_name_prefix": "",
            "node_role_arn": "arn:aws:iam::434832190675:role/LabRole",
            "release_version": "1.29.3-20240703",
            "remote_access": [],
            "resources": [
              {
                "autoscaling_groups": [
                  {
                    "name": "eks-eks-node-group-tc-70-1ec86da4-ccce-2b2d-f7f3-56ec9deb6eba"
                  }
                ],
                "remote_access_security_group_id": ""
              }
            ],
            "scaling_config": [
              {
                "desired_size": 1,
                "max_size": 3,
                "min_size": 1
              }
            ],
            "status": "ACTIVE",
            "subnet_ids": [
              "subnet-05f66a4fc18404cb6",
              "subnet-06ebfbd7694b42072"
            ],
            "tags": {},
            "tags_all": {},
            "taint": [],
            "timeouts": null,
            "update_config": [
              {
                "max_unavailable": 1,
                "max_unavailable_percentage": 0
              }
            ],
            "version": "1.29"
          },
          "sensitive_attributes": [],
          "private": "eyJlMmJmYjczMC1lY2FhLTExZTYtOGY4OC0zNDM2M2JjN2M0YzAiOnsiY3JlYXRlIjozNjAwMDAwMDAwMDAwLCJkZWxldGUiOjM2MDAwMDAwMDAwMDAsInVwZGF0ZSI6MzYwMDAwMDAwMDAwMH19",
          "dependencies": [
            "aws_eks_cluster.eks_cluster",
            "aws_security_group.cluster_sg"
          ]
        }
      ]
    },
    {
      "mode": "managed",
      "type": "aws_security_group",
      "name": "cluster_sg",
      "provider": "provider[\"registry.terraform.io/hashicorp/aws\"]",
      "instances": [
        {
          "schema_version": 1,
          "attributes": {
            "arn": "arn:aws:ec2:us-east-1:434832190675:security-group/sg-09fe6c434425d95dc",
            "description": "Managed by Terraform",
            "egress": [],
            "id": "sg-09fe6c434425d95dc",
            "ingress": [],
            "name": "terraform-20240722154200360200000001",
            "name_prefix": "terraform-",
            "owner_id": "434832190675",
            "revoke_rules_on_delete": false,
            "tags": {},
            "tags_all": {},
            "timeouts": null,
            "vpc_id": "vpc-0a86ef74bb75e2ef8"
          },
          "sensitive_attributes": [],
          "private": "eyJlMmJmYjczMC1lY2FhLTExZTYtOGY4OC0zNDM2M2JjN2M0YzAiOnsiY3JlYXRlIjo2MDAwMDAwMDAwMDAsImRlbGV0ZSI6OTAwMDAwMDAwMDAwfSwic2NoZW1hX3ZlcnNpb24iOiIxIn0="
        }
      ]
    }
  ],
  "check_results": null
}
